[[package]]
name = "aiohttp"
version = "3.8.5"
description = "Async http client/server framework (asyncio)"
category = "main"
optional = false
python-versions = ">=3.6"

[package.dependencies]
aiosignal = ">=1.1.2"
async-timeout = ">=4.0.0a3,<5.0"
attrs = ">=17.3.0"
charset-normalizer = ">=2.0,<4.0"
frozenlist = ">=1.1.1"
multidict = ">=4.5,<7.0"
yarl = ">=1.0,<2.0"

[package.extras]
speedups = ["aiodns", "brotli", "cchardet"]

[[package]]
name = "aiosignal"
version = "1.3.1"
description = "aiosignal: a list of registered asynchronous callbacks"
category = "main"
optional = false
python-versions = ">=3.7"

[package.dependencies]
frozenlist = ">=1.1.0"

[[package]]
name = "async-timeout"
version = "4.0.3"
description = "Timeout context manager for asyncio programs"
category = "main"
optional = false
python-versions = ">=3.7"

[[package]]
name = "attrs"
version = "23.1.0"
description = "Classes Without Boilerplate"
category = "main"
optional = false
python-versions = ">=3.7"

[package.extras]
cov = ["attrs", "coverage[toml] (>=5.3)"]
dev = ["attrs", "pre-commit"]
docs = ["furo", "myst-parser", "sphinx", "sphinx-notfound-page", "sphinxcontrib-towncrier", "towncrier", "zope-interface"]
tests = ["attrs", "zope-interface"]
tests-no-zope = ["cloudpickle", "hypothesis", "mypy (>=1.1.1)", "pympler", "pytest-mypy-plugins", "pytest-xdist", "pytest (>=4.3.0)"]

[[package]]
name = "cachetools"
version = "5.3.1"
description = "Extensible memoizing collections and decorators"
category = "main"
optional = false
python-versions = ">=3.7"

[[package]]
name = "certifi"
version = "2023.7.22"
description = "Python package for providing Mozilla's CA Bundle."
category = "main"
optional = false
python-versions = ">=3.6"

[[package]]
name = "charset-normalizer"
version = "3.2.0"
description = "The Real First Universal Charset Detector. Open, modern and actively maintained alternative to Chardet."
category = "main"
optional = false
python-versions = ">=3.7.0"

[[package]]
name = "decorator"
version = "5.1.1"
description = "Decorators for Humans"
category = "main"
optional = false
python-versions = ">=3.5"

[[package]]
name = "frozenlist"
version = "1.4.0"
description = "A list-like structure which implements collections.abc.MutableSequence"
category = "main"
optional = false
python-versions = ">=3.8"

[[package]]
name = "fsspec"
version = "2023.6.0"
description = "File-system specification"
category = "main"
optional = false
python-versions = ">=3.8"

[package.extras]
abfs = ["adlfs"]
adl = ["adlfs"]
arrow = ["pyarrow (>=1)"]
dask = ["dask", "distributed"]
devel = ["pytest", "pytest-cov"]
dropbox = ["dropboxdrivefs", "requests", "dropbox"]
full = ["adlfs", "aiohttp (!=4.0.0a0,!=4.0.0a1)", "dask", "distributed", "dropbox", "dropboxdrivefs", "fusepy", "gcsfs", "libarchive-c", "ocifs", "panel", "paramiko", "pyarrow (>=1)", "pygit2", "requests", "s3fs", "smbprotocol", "tqdm"]
fuse = ["fusepy"]
gcs = ["gcsfs"]
git = ["pygit2"]
github = ["requests"]
gs = ["gcsfs"]
gui = ["panel"]
hdfs = ["pyarrow (>=1)"]
http = ["requests", "aiohttp (!=4.0.0a0,!=4.0.0a1)"]
libarchive = ["libarchive-c"]
oci = ["ocifs"]
s3 = ["s3fs"]
sftp = ["paramiko"]
smb = ["smbprotocol"]
ssh = ["paramiko"]
tqdm = ["tqdm"]

[[package]]
name = "gcsfs"
version = "2023.6.0"
description = "Convenient Filesystem interface over GCS"
category = "main"
optional = false
python-versions = ">=3.8"

[package.dependencies]
aiohttp = "<4.0.0a0 || >4.0.0a0,<4.0.0a1 || >4.0.0a1"
decorator = ">4.1.2"
fsspec = "2023.6.0"
google-auth = ">=1.2"
google-auth-oauthlib = "*"
google-cloud-storage = "*"
requests = "*"

[package.extras]
crc = ["crcmod"]
gcsfuse = ["fusepy"]

[[package]]
name = "google-api-core"
version = "2.11.1"
description = "Google API client core library"
category = "main"
optional = false
python-versions = ">=3.7"

[package.dependencies]
google-auth = ">=2.14.1,<3.0.dev0"
googleapis-common-protos = ">=1.56.2,<2.0.dev0"
protobuf = ">=3.19.5,<3.20.0 || >3.20.0,<3.20.1 || >3.20.1,<4.21.0 || >4.21.0,<4.21.1 || >4.21.1,<4.21.2 || >4.21.2,<4.21.3 || >4.21.3,<4.21.4 || >4.21.4,<4.21.5 || >4.21.5,<5.0.0.dev0"
requests = ">=2.18.0,<3.0.0.dev0"

[package.extras]
grpc = ["grpcio (>=1.33.2,<2.0dev)", "grpcio-status (>=1.33.2,<2.0.dev0)", "grpcio (>=1.49.1,<2.0dev)", "grpcio-status (>=1.49.1,<2.0.dev0)"]
grpcgcp = ["grpcio-gcp (>=0.2.2,<1.0.dev0)"]
grpcio-gcp = ["grpcio-gcp (>=0.2.2,<1.0.dev0)"]

[[package]]
name = "google-auth"
version = "2.22.0"
description = "Google Authentication Library"
category = "main"
optional = false
python-versions = ">=3.6"

[package.dependencies]
cachetools = ">=2.0.0,<6.0"
pyasn1-modules = ">=0.2.1"
rsa = ">=3.1.4,<5"
six = ">=1.9.0"
urllib3 = "<2.0"

[package.extras]
aiohttp = ["aiohttp (>=3.6.2,<4.0.0.dev0)", "requests (>=2.20.0,<3.0.0.dev0)"]
enterprise_cert = ["cryptography (==36.0.2)", "pyopenssl (==22.0.0)"]
pyopenssl = ["pyopenssl (>=20.0.0)", "cryptography (>=38.0.3)"]
reauth = ["pyu2f (>=0.1.5)"]
requests = ["requests (>=2.20.0,<3.0.0.dev0)"]

[[package]]
name = "google-auth-oauthlib"
version = "1.0.0"
description = "Google Authentication Library"
category = "main"
optional = false
python-versions = ">=3.6"

[package.dependencies]
google-auth = ">=2.15.0"
requests-oauthlib = ">=0.7.0"

[package.extras]
tool = ["click (>=6.0.0)"]

[[package]]
name = "google-cloud-core"
version = "2.3.3"
description = "Google Cloud API client core library"
category = "main"
optional = false
python-versions = ">=3.7"

[package.dependencies]
google-api-core = ">=1.31.6,<2.0.0 || >2.3.0,<3.0.0dev"
google-auth = ">=1.25.0,<3.0dev"

[package.extras]
grpc = ["grpcio (>=1.38.0,<2.0dev)"]

[[package]]
name = "google-cloud-storage"
version = "2.10.0"
description = "Google Cloud Storage API client library"
category = "main"
optional = false
python-versions = ">=3.7"

[package.dependencies]
google-api-core = ">=1.31.5,<2.0.0 || >2.3.0,<3.0.0dev"
google-auth = ">=1.25.0,<3.0dev"
google-cloud-core = ">=2.3.0,<3.0dev"
google-resumable-media = ">=2.3.2"
requests = ">=2.18.0,<3.0.0dev"

[package.extras]
protobuf = ["protobuf (<5.0.0dev)"]

[[package]]
name = "google-crc32c"
version = "1.5.0"
description = "A python wrapper of the C library 'Google CRC32C'"
category = "main"
optional = false
python-versions = ">=3.7"

[package.extras]
testing = ["pytest"]

[[package]]
name = "google-resumable-media"
version = "2.5.0"
description = "Utilities for Google Media Downloads and Resumable Uploads"
category = "main"
optional = false
python-versions = ">= 3.7"

[package.dependencies]
google-crc32c = ">=1.0,<2.0dev"

[package.extras]
aiohttp = ["aiohttp (>=3.6.2,<4.0.0dev)"]
requests = ["requests (>=2.18.0,<3.0.0dev)"]

[[package]]
name = "googleapis-common-protos"
version = "1.60.0"
description = "Common protobufs used in Google APIs"
category = "main"
optional = false
python-versions = ">=3.7"

[package.dependencies]
protobuf = ">=3.19.5,<3.20.0 || >3.20.0,<3.20.1 || >3.20.1,<4.21.1 || >4.21.1,<4.21.2 || >4.21.2,<4.21.3 || >4.21.3,<4.21.4 || >4.21.4,<4.21.5 || >4.21.5,<5.0.0.dev0"

[package.extras]
grpc = ["grpcio (>=1.44.0,<2.0.0.dev0)"]

[[package]]
name = "idna"
version = "3.4"
description = "Internationalized Domain Names in Applications (IDNA)"
category = "main"
optional = false
python-versions = ">=3.5"

[[package]]
name = "joblib"
version = "1.3.2"
description = "Lightweight pipelining with Python functions"
category = "main"
optional = false
python-versions = ">=3.7"

[[package]]
name = "multidict"
version = "6.0.4"
description = "multidict implementation"
category = "main"
optional = false
python-versions = ">=3.7"

[[package]]
name = "numpy"
version = "1.25.2"
description = "Fundamental package for array computing in Python"
category = "main"
optional = false
python-versions = ">=3.9"

[[package]]
name = "oauthlib"
version = "3.2.2"
description = "A generic, spec-compliant, thorough implementation of the OAuth request-signing logic"
category = "main"
optional = false
python-versions = ">=3.6"

[package.extras]
rsa = ["cryptography (>=3.0.0)"]
signals = ["blinker (>=1.4.0)"]
signedtoken = ["cryptography (>=3.0.0)", "pyjwt (>=2.0.0,<3)"]

[[package]]
name = "pandas"
version = "2.0.3"
description = "Powerful data structures for data analysis, time series, and statistics"
category = "main"
optional = false
python-versions = ">=3.8"

[package.dependencies]
numpy = [
    {version = ">=1.21.0", markers = "python_version >= \"3.10\""},
    {version = ">=1.23.2", markers = "python_version >= \"3.11\""},
]
python-dateutil = ">=2.8.2"
pytz = ">=2020.1"
tzdata = ">=2022.1"

[package.extras]
all = ["beautifulsoup4 (>=4.9.3)", "bottleneck (>=1.3.2)", "brotlipy (>=0.7.0)", "fastparquet (>=0.6.3)", "fsspec (>=2021.07.0)", "gcsfs (>=2021.07.0)", "html5lib (>=1.1)", "hypothesis (>=6.34.2)", "jinja2 (>=3.0.0)", "lxml (>=4.6.3)", "matplotlib (>=3.6.1)", "numba (>=0.53.1)", "numexpr (>=2.7.3)", "odfpy (>=1.4.1)", "openpyxl (>=3.0.7)", "pandas-gbq (>=0.15.0)", "psycopg2 (>=2.8.6)", "pyarrow (>=7.0.0)", "pymysql (>=1.0.2)", "PyQt5 (>=5.15.1)", "pyreadstat (>=1.1.2)", "pytest (>=7.3.2)", "pytest-xdist (>=2.2.0)", "pytest-asyncio (>=0.17.0)", "python-snappy (>=0.6.0)", "pyxlsb (>=1.0.8)", "qtpy (>=2.2.0)", "scipy (>=1.7.1)", "s3fs (>=2021.08.0)", "SQLAlchemy (>=1.4.16)", "tables (>=3.6.1)", "tabulate (>=0.8.9)", "xarray (>=0.21.0)", "xlrd (>=2.0.1)", "xlsxwriter (>=1.4.3)", "zstandard (>=0.15.2)"]
aws = ["s3fs (>=2021.08.0)"]
clipboard = ["PyQt5 (>=5.15.1)", "qtpy (>=2.2.0)"]
compression = ["brotlipy (>=0.7.0)", "python-snappy (>=0.6.0)", "zstandard (>=0.15.2)"]
computation = ["scipy (>=1.7.1)", "xarray (>=0.21.0)"]
excel = ["odfpy (>=1.4.1)", "openpyxl (>=3.0.7)", "pyxlsb (>=1.0.8)", "xlrd (>=2.0.1)", "xlsxwriter (>=1.4.3)"]
feather = ["pyarrow (>=7.0.0)"]
fss = ["fsspec (>=2021.07.0)"]
gcp = ["gcsfs (>=2021.07.0)", "pandas-gbq (>=0.15.0)"]
hdf5 = ["tables (>=3.6.1)"]
html = ["beautifulsoup4 (>=4.9.3)", "html5lib (>=1.1)", "lxml (>=4.6.3)"]
mysql = ["SQLAlchemy (>=1.4.16)", "pymysql (>=1.0.2)"]
output_formatting = ["jinja2 (>=3.0.0)", "tabulate (>=0.8.9)"]
parquet = ["pyarrow (>=7.0.0)"]
performance = ["bottleneck (>=1.3.2)", "numba (>=0.53.1)", "numexpr (>=2.7.1)"]
plot = ["matplotlib (>=3.6.1)"]
postgresql = ["SQLAlchemy (>=1.4.16)", "psycopg2 (>=2.8.6)"]
spss = ["pyreadstat (>=1.1.2)"]
sql-other = ["SQLAlchemy (>=1.4.16)"]
test = ["hypothesis (>=6.34.2)", "pytest (>=7.3.2)", "pytest-xdist (>=2.2.0)", "pytest-asyncio (>=0.17.0)"]
xml = ["lxml (>=4.6.3)"]

[[package]]
name = "protobuf"
version = "4.24.2"
description = ""
category = "main"
optional = false
python-versions = ">=3.7"

[[package]]
name = "pyasn1"
version = "0.5.0"
description = "Pure-Python implementation of ASN.1 types and DER/BER/CER codecs (X.208)"
category = "main"
optional = false
python-versions = "!=3.0.*,!=3.1.*,!=3.2.*,!=3.3.*,!=3.4.*,!=3.5.*,>=2.7"

[[package]]
name = "pyasn1-modules"
version = "0.3.0"
description = "A collection of ASN.1-based protocols modules"
category = "main"
optional = false
python-versions = "!=3.0.*,!=3.1.*,!=3.2.*,!=3.3.*,!=3.4.*,!=3.5.*,>=2.7"

[package.dependencies]
pyasn1 = ">=0.4.6,<0.6.0"

[[package]]
name = "python-dateutil"
version = "2.8.2"
description = "Extensions to the standard Python datetime module"
category = "main"
optional = false
python-versions = "!=3.0.*,!=3.1.*,!=3.2.*,>=2.7"

[package.dependencies]
six = ">=1.5"

[[package]]
name = "pytz"
version = "2023.3"
description = "World timezone definitions, modern and historical"
category = "main"
optional = false
python-versions = "*"

[[package]]
name = "requests"
version = "2.31.0"
description = "Python HTTP for Humans."
category = "main"
optional = false
python-versions = ">=3.7"

[package.dependencies]
certifi = ">=2017.4.17"
charset-normalizer = ">=2,<4"
idna = ">=2.5,<4"
urllib3 = ">=1.21.1,<3"

[package.extras]
socks = ["PySocks (>=1.5.6,!=1.5.7)"]
use_chardet_on_py3 = ["chardet (>=3.0.2,<6)"]

[[package]]
name = "requests-oauthlib"
version = "1.3.1"
description = "OAuthlib authentication support for Requests."
category = "main"
optional = false
python-versions = ">=2.7, !=3.0.*, !=3.1.*, !=3.2.*, !=3.3.*"

[package.dependencies]
oauthlib = ">=3.0.0"
requests = ">=2.0.0"

[package.extras]
rsa = ["oauthlib[signedtoken] (>=3.0.0)"]

[[package]]
name = "rsa"
version = "4.9"
description = "Pure-Python RSA implementation"
category = "main"
optional = false
python-versions = ">=3.6,<4"

[package.dependencies]
pyasn1 = ">=0.1.3"

[[package]]
name = "scikit-learn"
version = "1.3.0"
description = "A set of python modules for machine learning and data mining"
category = "main"
optional = false
python-versions = ">=3.8"

[package.dependencies]
joblib = ">=1.1.1"
numpy = ">=1.17.3"
scipy = ">=1.5.0"
threadpoolctl = ">=2.0.0"

[package.extras]
benchmark = ["matplotlib (>=3.1.3)", "pandas (>=1.0.5)", "memory-profiler (>=0.57.0)"]
docs = ["matplotlib (>=3.1.3)", "scikit-image (>=0.16.2)", "pandas (>=1.0.5)", "seaborn (>=0.9.0)", "memory-profiler (>=0.57.0)", "sphinx (>=6.0.0)", "sphinx-copybutton (>=0.5.2)", "sphinx-gallery (>=0.10.1)", "numpydoc (>=1.2.0)", "Pillow (>=7.1.2)", "pooch (>=1.6.0)", "sphinx-prompt (>=1.3.0)", "sphinxext-opengraph (>=0.4.2)", "plotly (>=5.14.0)"]
examples = ["matplotlib (>=3.1.3)", "scikit-image (>=0.16.2)", "pandas (>=1.0.5)", "seaborn (>=0.9.0)", "pooch (>=1.6.0)", "plotly (>=5.14.0)"]
tests = ["matplotlib (>=3.1.3)", "scikit-image (>=0.16.2)", "pandas (>=1.0.5)", "pytest (>=7.1.2)", "pytest-cov (>=2.9.0)", "ruff (>=0.0.272)", "black (>=23.3.0)", "mypy (>=1.3)", "pyamg (>=4.0.0)", "numpydoc (>=1.2.0)", "pooch (>=1.6.0)"]

[[package]]
name = "scipy"
version = "1.9.3"
description = "Fundamental algorithms for scientific computing in Python"
category = "main"
optional = false
python-versions = ">=3.8"

[package.dependencies]
numpy = ">=1.18.5,<1.26.0"

[package.extras]
test = ["pytest", "pytest-cov", "pytest-xdist", "asv", "mpmath", "gmpy2", "threadpoolctl", "scikit-umfpack"]
doc = ["sphinx (!=4.1.0)", "pydata-sphinx-theme (==0.9.0)", "sphinx-panels (>=0.5.2)", "matplotlib (>2)", "numpydoc", "sphinx-tabs"]
dev = ["mypy", "typing-extensions", "pycodestyle", "flake8"]

[[package]]
name = "six"
version = "1.16.0"
description = "Python 2 and 3 compatibility utilities"
category = "main"
optional = false
python-versions = ">=2.7, !=3.0.*, !=3.1.*, !=3.2.*"

[[package]]
name = "threadpoolctl"
version = "3.2.0"
description = "threadpoolctl"
category = "main"
optional = false
python-versions = ">=3.8"

[[package]]
name = "tzdata"
version = "2023.3"
description = "Provider of IANA time zone data"
category = "main"
optional = false
python-versions = ">=2"

[[package]]
name = "urllib3"
version = "1.26.16"
description = "HTTP library with thread-safe connection pooling, file post, and more."
category = "main"
optional = false
python-versions = ">=2.7, !=3.0.*, !=3.1.*, !=3.2.*, !=3.3.*, !=3.4.*, !=3.5.*"

[package.extras]
brotli = ["brotlicffi (>=0.8.0)", "brotli (>=1.0.9)", "brotlipy (>=0.6.0)"]
secure = ["pyOpenSSL (>=0.14)", "cryptography (>=1.3.4)", "idna (>=2.0.0)", "certifi", "urllib3-secure-extra", "ipaddress"]
socks = ["PySocks (>=1.5.6,!=1.5.7,<2.0)"]

[[package]]
name = "yarl"
version = "1.9.2"
description = "Yet another URL library"
category = "main"
optional = false
python-versions = ">=3.7"

[package.dependencies]
idna = ">=2.0"
multidict = ">=4.0"

[metadata]
lock-version = "1.1"
python-versions = "^3.10"
content-hash = "1da073bd037ae14032dd631f8fb6141ff4743d83fa53eff0c034a76a3e790865"

[metadata.files]
aiohttp = []
aiosignal = []
async-timeout = []
attrs = []
cachetools = []
certifi = []
charset-normalizer = []
decorator = []
frozenlist = []
fsspec = []
gcsfs = []
google-api-core = []
google-auth = []
google-auth-oauthlib = []
google-cloud-core = []
google-cloud-storage = []
google-crc32c = []
google-resumable-media = []
googleapis-common-protos = []
idna = []
joblib = []
multidict = []
numpy = []
oauthlib = []
pandas = []
protobuf = []
pyasn1 = []
pyasn1-modules = []
python-dateutil = []
pytz = []
requests = []
requests-oauthlib = []
rsa = []
scikit-learn = []
scipy = []
six = []
threadpoolctl = []
tzdata = []
urllib3 = []
yarl = []
